
Microsoft Visual Studio Solution File, Format Version 12.00
# Visual Studio 14
VisualStudioVersion = 14.0.23107.0
MinimumVisualStudioVersion = 10.0.40219.1
Project("{FAE04EC0-301F-11D3-BF4B-00C04F79EFBC}") = "CSharpRoboticsLib", "CSharp Robotics Library\CSharpRoboticsLib.csproj", "{08792B9C-AB04-4FD0-A52A-D3A864D9758A}"
EndProject
Project("{FAE04EC0-301F-11D3-BF4B-00C04F79EFBC}") = "FlowControlTests", "FlowControlTests\FlowControlTests.csproj", "{7C56968A-5309-4AE8-98AE-1CEF65E4DECF}"
EndProject
Project("{FAE04EC0-301F-11D3-BF4B-00C04F79EFBC}") = "NILabviewTests", "NILabviewTests\NILabviewTests.csproj", "{13D00E1A-556A-47DB-91DF-BA8258B75E50}"
EndProject
Global
	GlobalSection(SolutionConfigurationPlatforms) = preSolution
		Debug|Any CPU = Debug|Any CPU
		Release|Any CPU = Release|Any CPU
	EndGlobalSection
	GlobalSection(ProjectConfigurationPlatforms) = postSolution
		{08792B9C-AB04-4FD0-A52A-D3A864D9758A}.Debug|Any CPU.ActiveCfg = Debug|Any CPU
		{08792B9C-AB04-4FD0-A52A-D3A864D9758A}.Debug|Any CPU.Build.0 = Debug|Any CPU
		{08792B9C-AB04-4FD0-A52A-D3A864D9758A}.Release|Any CPU.ActiveCfg = Release|Any CPU
		{08792B9C-AB04-4FD0-A52A-D3A864D9758A}.Release|Any CPU.Build.0 = Release|Any CPU
		{7C56968A-5309-4AE8-98AE-1CEF65E4DECF}.Debug|Any CPU.ActiveCfg = Debug|Any CPU
		{7C56968A-5309-4AE8-98AE-1CEF65E4DECF}.Debug|Any CPU.Build.0 = Debug|Any CPU
		{7C56968A-5309-4AE8-98AE-1CEF65E4DECF}.Release|Any CPU.ActiveCfg = Release|Any CPU
		{7C56968A-5309-4AE8-98AE-1CEF65E4DECF}.Release|Any CPU.Build.0 = Release|Any CPU
		{13D00E1A-556A-47DB-91DF-BA8258B75E50}.Debug|Any CPU.ActiveCfg = Debug|Any CPU
		{13D00E1A-556A-47DB-91DF-BA8258B75E50}.Debug|Any CPU.Build.0 = Debug|Any CPU
		{13D00E1A-556A-47DB-91DF-BA8258B75E50}.Release|Any CPU.ActiveCfg = Release|Any CPU
		{13D00E1A-556A-47DB-91DF-BA8258B75E50}.Release|Any CPU.Build.0 = Release|Any CPU
	EndGlobalSection
	GlobalSection(SolutionProperties) = preSolution
		HideSolutionNode = FALSE
	EndGlobalSection
EndGlobal
